// !$*UTF8*$!
{
	archiveVersion = 1;
	classes = {
	};
	objectVersion = 46;
	objects = {

/* Begin PBXBuildFile section */
		363486E51B2576B4003FA4DF /* BCAliPay.framework in Frameworks */ = {isa = PBXBuildFile; fileRef = 363486E11B2576B4003FA4DF /* BCAliPay.framework */; };
		363486E61B2576B4003FA4DF /* BCWXPay.framework in Frameworks */ = {isa = PBXBuildFile; fileRef = 363486E21B2576B4003FA4DF /* BCWXPay.framework */; };
		363486E71B2576B4003FA4DF /* BeeCloud.framework in Frameworks */ = {isa = PBXBuildFile; fileRef = 363486E31B2576B4003FA4DF /* BeeCloud.framework */; };
		363486E81B2576B4003FA4DF /* AlipaySDK.framework in Frameworks */ = {isa = PBXBuildFile; fileRef = 363486E41B2576B4003FA4DF /* AlipaySDK.framework */; };
		367626C81B0F149A00D3681A /* libsqlite3.dylib in Frameworks */ = {isa = PBXBuildFile; fileRef = 367626C71B0F149A00D3681A /* libsqlite3.dylib */; };
		367626CA1B0F14A300D3681A /* libz.dylib in Frameworks */ = {isa = PBXBuildFile; fileRef = 367626C91B0F14A300D3681A /* libz.dylib */; };
		367626CC1B0F14AF00D3681A /* libc++.dylib in Frameworks */ = {isa = PBXBuildFile; fileRef = 367626CB1B0F14AF00D3681A /* libc++.dylib */; };
		367626CE1B0F14C900D3681A /* CoreTelephony.framework in Frameworks */ = {isa = PBXBuildFile; fileRef = 367626CD1B0F14C900D3681A /* CoreTelephony.framework */; };
		367626D01B0F14D300D3681A /* CoreLocation.framework in Frameworks */ = {isa = PBXBuildFile; fileRef = 367626CF1B0F14D300D3681A /* CoreLocation.framework */; };
		367626D21B0F14DF00D3681A /* CoreGraphics.framework in Frameworks */ = {isa = PBXBuildFile; fileRef = 367626D11B0F14DF00D3681A /* CoreGraphics.framework */; };
		367626D41B0F14EC00D3681A /* SystemConfiguration.framework in Frameworks */ = {isa = PBXBuildFile; fileRef = 367626D31B0F14EC00D3681A /* SystemConfiguration.framework */; };
		367626D61B0F14F900D3681A /* MobileCoreServices.framework in Frameworks */ = {isa = PBXBuildFile; fileRef = 367626D51B0F14F900D3681A /* MobileCoreServices.framework */; };
		36A532F71B3141A9003BFBF0 /* libWeChatSDK.a in Frameworks */ = {isa = PBXBuildFile; fileRef = 36A532F61B3141A9003BFBF0 /* libWeChatSDK.a */; };
		36D196F11B213F1400961989 /* BCUPersonalPay.framework in Frameworks */ = {isa = PBXBuildFile; fileRef = 36D196F01B213F1400961989 /* BCUPersonalPay.framework */; };
		A8C209031A83924E0060DAE7 /* main.m in Sources */ = {isa = PBXBuildFile; fileRef = A8C209021A83924E0060DAE7 /* main.m */; };
		A8C209061A83924E0060DAE7 /* AppDelegate.m in Sources */ = {isa = PBXBuildFile; fileRef = A8C209051A83924E0060DAE7 /* AppDelegate.m */; };
		A8C209091A83924E0060DAE7 /* ViewController.mm in Sources */ = {isa = PBXBuildFile; fileRef = A8C209081A83924E0060DAE7 /* ViewController.mm */; };
		A8C2090C1A83924E0060DAE7 /* Main.storyboard in Resources */ = {isa = PBXBuildFile; fileRef = A8C2090A1A83924E0060DAE7 /* Main.storyboard */; };
		A8C2090E1A83924E0060DAE7 /* Images.xcassets in Resources */ = {isa = PBXBuildFile; fileRef = A8C2090D1A83924E0060DAE7 /* Images.xcassets */; };
		A8C209111A83924E0060DAE7 /* LaunchScreen.xib in Resources */ = {isa = PBXBuildFile; fileRef = A8C2090F1A83924E0060DAE7 /* LaunchScreen.xib */; };
/* End PBXBuildFile section */

/* Begin PBXFileReference section */
		363486E11B2576B4003FA4DF /* BCAliPay.framework */ = {isa = PBXFileReference; lastKnownFileType = wrapper.framework; path = BCAliPay.framework; sourceTree = "<group>"; };
		363486E21B2576B4003FA4DF /* BCWXPay.framework */ = {isa = PBXFileReference; lastKnownFileType = wrapper.framework; path = BCWXPay.framework; sourceTree = "<group>"; };
		363486E31B2576B4003FA4DF /* BeeCloud.framework */ = {isa = PBXFileReference; lastKnownFileType = wrapper.framework; path = BeeCloud.framework; sourceTree = "<group>"; };
		363486E41B2576B4003FA4DF /* AlipaySDK.framework */ = {isa = PBXFileReference; lastKnownFileType = wrapper.framework; path = AlipaySDK.framework; sourceTree = "<group>"; };
		367626C71B0F149A00D3681A /* libsqlite3.dylib */ = {isa = PBXFileReference; lastKnownFileType = "compiled.mach-o.dylib"; name = libsqlite3.dylib; path = usr/lib/libsqlite3.dylib; sourceTree = SDKROOT; };
		367626C91B0F14A300D3681A /* libz.dylib */ = {isa = PBXFileReference; lastKnownFileType = "compiled.mach-o.dylib"; name = libz.dylib; path = usr/lib/libz.dylib; sourceTree = SDKROOT; };
		367626CB1B0F14AF00D3681A /* libc++.dylib */ = {isa = PBXFileReference; lastKnownFileType = "compiled.mach-o.dylib"; name = "libc++.dylib"; path = "usr/lib/libc++.dylib"; sourceTree = SDKROOT; };
		367626CD1B0F14C900D3681A /* CoreTelephony.framework */ = {isa = PBXFileReference; lastKnownFileType = wrapper.framework; name = CoreTelephony.framework; path = System/Library/Frameworks/CoreTelephony.framework; sourceTree = SDKROOT; };
		367626CF1B0F14D300D3681A /* CoreLocation.framework */ = {isa = PBXFileReference; lastKnownFileType = wrapper.framework; name = CoreLocation.framework; path = System/Library/Frameworks/CoreLocation.framework; sourceTree = SDKROOT; };
		367626D11B0F14DF00D3681A /* CoreGraphics.framework */ = {isa = PBXFileReference; lastKnownFileType = wrapper.framework; name = CoreGraphics.framework; path = System/Library/Frameworks/CoreGraphics.framework; sourceTree = SDKROOT; };
		367626D31B0F14EC00D3681A /* SystemConfiguration.framework */ = {isa = PBXFileReference; lastKnownFileType = wrapper.framework; name = SystemConfiguration.framework; path = System/Library/Frameworks/SystemConfiguration.framework; sourceTree = SDKROOT; };
		367626D51B0F14F900D3681A /* MobileCoreServices.framework */ = {isa = PBXFileReference; lastKnownFileType = wrapper.framework; name = MobileCoreServices.framework; path = System/Library/Frameworks/MobileCoreServices.framework; sourceTree = SDKROOT; };
		36A532F61B3141A9003BFBF0 /* libWeChatSDK.a */ = {isa = PBXFileReference; lastKnownFileType = archive.ar; path = libWeChatSDK.a; sourceTree = "<group>"; };
		36D196F01B213F1400961989 /* BCUPersonalPay.framework */ = {isa = PBXFileReference; lastKnownFileType = wrapper.framework; path = BCUPersonalPay.framework; sourceTree = "<group>"; };
		A8C208FD1A83924E0060DAE7 /* BeeCloudDemo.app */ = {isa = PBXFileReference; explicitFileType = wrapper.application; includeInIndex = 0; path = BeeCloudDemo.app; sourceTree = BUILT_PRODUCTS_DIR; };
		A8C209011A83924E0060DAE7 /* Info.plist */ = {isa = PBXFileReference; lastKnownFileType = text.plist.xml; path = Info.plist; sourceTree = "<group>"; };
		A8C209021A83924E0060DAE7 /* main.m */ = {isa = PBXFileReference; lastKnownFileType = sourcecode.c.objc; path = main.m; sourceTree = "<group>"; };
		A8C209041A83924E0060DAE7 /* AppDelegate.h */ = {isa = PBXFileReference; lastKnownFileType = sourcecode.c.h; path = AppDelegate.h; sourceTree = "<group>"; };
		A8C209051A83924E0060DAE7 /* AppDelegate.m */ = {isa = PBXFileReference; lastKnownFileType = sourcecode.c.objc; path = AppDelegate.m; sourceTree = "<group>"; };
		A8C209071A83924E0060DAE7 /* ViewController.h */ = {isa = PBXFileReference; lastKnownFileType = sourcecode.c.h; path = ViewController.h; sourceTree = "<group>"; };
		A8C209081A83924E0060DAE7 /* ViewController.mm */ = {isa = PBXFileReference; lastKnownFileType = sourcecode.cpp.objcpp; path = ViewController.mm; sourceTree = "<group>"; };
		A8C2090B1A83924E0060DAE7 /* Base */ = {isa = PBXFileReference; lastKnownFileType = file.storyboard; name = Base; path = Base.lproj/Main.storyboard; sourceTree = "<group>"; };
		A8C2090D1A83924E0060DAE7 /* Images.xcassets */ = {isa = PBXFileReference; lastKnownFileType = folder.assetcatalog; path = Images.xcassets; sourceTree = "<group>"; };
		A8C209101A83924E0060DAE7 /* Base */ = {isa = PBXFileReference; lastKnownFileType = file.xib; name = Base; path = Base.lproj/LaunchScreen.xib; sourceTree = "<group>"; };
		A8C2091B1A83924E0060DAE7 /* Info.plist */ = {isa = PBXFileReference; lastKnownFileType = text.plist.xml; path = Info.plist; sourceTree = "<group>"; };
		A8C2091C1A83924E0060DAE7 /* BeeCloudDemoTests.m */ = {isa = PBXFileReference; lastKnownFileType = sourcecode.c.objc; path = BeeCloudDemoTests.m; sourceTree = "<group>"; };
/* End PBXFileReference section */

/* Begin PBXFrameworksBuildPhase section */
		A8C208FA1A83924E0060DAE7 /* Frameworks */ = {
			isa = PBXFrameworksBuildPhase;
			buildActionMask = 2147483647;
			files = (
				36A532F71B3141A9003BFBF0 /* libWeChatSDK.a in Frameworks */,
				363486E51B2576B4003FA4DF /* BCAliPay.framework in Frameworks */,
				363486E61B2576B4003FA4DF /* BCWXPay.framework in Frameworks */,
				363486E71B2576B4003FA4DF /* BeeCloud.framework in Frameworks */,
				363486E81B2576B4003FA4DF /* AlipaySDK.framework in Frameworks */,
				36D196F11B213F1400961989 /* BCUPersonalPay.framework in Frameworks */,
				367626D61B0F14F900D3681A /* MobileCoreServices.framework in Frameworks */,
				367626D41B0F14EC00D3681A /* SystemConfiguration.framework in Frameworks */,
				367626D21B0F14DF00D3681A /* CoreGraphics.framework in Frameworks */,
				367626D01B0F14D300D3681A /* CoreLocation.framework in Frameworks */,
				367626CE1B0F14C900D3681A /* CoreTelephony.framework in Frameworks */,
				367626CC1B0F14AF00D3681A /* libc++.dylib in Frameworks */,
				367626CA1B0F14A300D3681A /* libz.dylib in Frameworks */,
				367626C81B0F149A00D3681A /* libsqlite3.dylib in Frameworks */,
			);
			runOnlyForDeploymentPostprocessing = 0;
		};
/* End PBXFrameworksBuildPhase section */

/* Begin PBXGroup section */
		82CB2211661D33E926B50F3F /* Frameworks */ = {
			isa = PBXGroup;
			children = (
				36A532F61B3141A9003BFBF0 /* libWeChatSDK.a */,
				363486E11B2576B4003FA4DF /* BCAliPay.framework */,
				363486E21B2576B4003FA4DF /* BCWXPay.framework */,
				363486E31B2576B4003FA4DF /* BeeCloud.framework */,
				363486E41B2576B4003FA4DF /* AlipaySDK.framework */,
				36D196F01B213F1400961989 /* BCUPersonalPay.framework */,
				367626D51B0F14F900D3681A /* MobileCoreServices.framework */,
				367626D31B0F14EC00D3681A /* SystemConfiguration.framework */,
				367626D11B0F14DF00D3681A /* CoreGraphics.framework */,
				367626CF1B0F14D300D3681A /* CoreLocation.framework */,
				367626CD1B0F14C900D3681A /* CoreTelephony.framework */,
				367626CB1B0F14AF00D3681A /* libc++.dylib */,
				367626C91B0F14A300D3681A /* libz.dylib */,
				367626C71B0F149A00D3681A /* libsqlite3.dylib */,
			);
			name = Frameworks;
			sourceTree = "<group>";
		};
		A8C208F41A83924E0060DAE7 = {
			isa = PBXGroup;
			children = (
				A8C208FF1A83924E0060DAE7 /* BeeCloudDemo */,
				A8C209191A83924E0060DAE7 /* BeeCloudDemoTests */,
				A8C208FE1A83924E0060DAE7 /* Products */,
				82CB2211661D33E926B50F3F /* Frameworks */,
			);
			sourceTree = "<group>";
		};
		A8C208FE1A83924E0060DAE7 /* Products */ = {
			isa = PBXGroup;
			children = (
				A8C208FD1A83924E0060DAE7 /* BeeCloudDemo.app */,
			);
			name = Products;
			sourceTree = "<group>";
		};
		A8C208FF1A83924E0060DAE7 /* BeeCloudDemo */ = {
			isa = PBXGroup;
			children = (
				A8C209041A83924E0060DAE7 /* AppDelegate.h */,
				A8C209051A83924E0060DAE7 /* AppDelegate.m */,
				A8C209071A83924E0060DAE7 /* ViewController.h */,
				A8C209081A83924E0060DAE7 /* ViewController.mm */,
				A8C2090A1A83924E0060DAE7 /* Main.storyboard */,
				A8C2090D1A83924E0060DAE7 /* Images.xcassets */,
				A8C2090F1A83924E0060DAE7 /* LaunchScreen.xib */,
				A8C209001A83924E0060DAE7 /* Supporting Files */,
			);
			path = BeeCloudDemo;
			sourceTree = "<group>";
		};
		A8C209001A83924E0060DAE7 /* Supporting Files */ = {
			isa = PBXGroup;
			children = (
				A8C209011A83924E0060DAE7 /* Info.plist */,
				A8C209021A83924E0060DAE7 /* main.m */,
			);
			name = "Supporting Files";
			sourceTree = "<group>";
		};
		A8C209191A83924E0060DAE7 /* BeeCloudDemoTests */ = {
			isa = PBXGroup;
			children = (
				A8C2091C1A83924E0060DAE7 /* BeeCloudDemoTests.m */,
				A8C2091A1A83924E0060DAE7 /* Supporting Files */,
			);
			path = BeeCloudDemoTests;
			sourceTree = "<group>";
		};
		A8C2091A1A83924E0060DAE7 /* Supporting Files */ = {
			isa = PBXGroup;
			children = (
				A8C2091B1A83924E0060DAE7 /* Info.plist */,
			);
			name = "Supporting Files";
			sourceTree = "<group>";
		};
/* End PBXGroup section */

/* Begin PBXNativeTarget section */
		A8C208FC1A83924E0060DAE7 /* BeeCloudDemo */ = {
			isa = PBXNativeTarget;
			buildConfigurationList = A8C209201A83924E0060DAE7 /* Build configuration list for PBXNativeTarget "BeeCloudDemo" */;
			buildPhases = (
				A8C208F91A83924E0060DAE7 /* Sources */,
				A8C208FA1A83924E0060DAE7 /* Frameworks */,
				A8C208FB1A83924E0060DAE7 /* Resources */,
			);
			buildRules = (
			);
			dependencies = (
			);
			name = BeeCloudDemo;
			productName = BeeCloudDemo;
			productReference = A8C208FD1A83924E0060DAE7 /* BeeCloudDemo.app */;
			productType = "com.apple.product-type.application";
		};
/* End PBXNativeTarget section */

/* Begin PBXProject section */
		A8C208F51A83924E0060DAE7 /* Project object */ = {
			isa = PBXProject;
			attributes = {
				LastUpgradeCheck = 0610;
				ORGANIZATIONNAME = RInz;
				TargetAttributes = {
					A8C208FC1A83924E0060DAE7 = {
						CreatedOnToolsVersion = 6.1.1;
						DevelopmentTeam = Y5MWN9388T;
					};
				};
			};
			buildConfigurationList = A8C208F81A83924E0060DAE7 /* Build configuration list for PBXProject "BeeCloudDemo" */;
			compatibilityVersion = "Xcode 3.2";
			developmentRegion = English;
			hasScannedForEncodings = 0;
			knownRegions = (
				en,
				Base,
			);
			mainGroup = A8C208F41A83924E0060DAE7;
			productRefGroup = A8C208FE1A83924E0060DAE7 /* Products */;
			projectDirPath = "";
			projectRoot = "";
			targets = (
				A8C208FC1A83924E0060DAE7 /* BeeCloudDemo */,
			);
		};
/* End PBXProject section */

/* Begin PBXResourcesBuildPhase section */
		A8C208FB1A83924E0060DAE7 /* Resources */ = {
			isa = PBXResourcesBuildPhase;
			buildActionMask = 2147483647;
			files = (
				A8C2090C1A83924E0060DAE7 /* Main.storyboard in Resources */,
				A8C209111A83924E0060DAE7 /* LaunchScreen.xib in Resources */,
				A8C2090E1A83924E0060DAE7 /* Images.xcassets in Resources */,
			);
			runOnlyForDeploymentPostprocessing = 0;
		};
/* End PBXResourcesBuildPhase section */

/* Begin PBXSourcesBuildPhase section */
		A8C208F91A83924E0060DAE7 /* Sources */ = {
			isa = PBXSourcesBuildPhase;
			buildActionMask = 2147483647;
			files = (
				A8C209091A83924E0060DAE7 /* ViewController.mm in Sources */,
				A8C209061A83924E0060DAE7 /* AppDelegate.m in Sources */,
				A8C209031A83924E0060DAE7 /* main.m in Sources */,
			);
			runOnlyForDeploymentPostprocessing = 0;
		};
/* End PBXSourcesBuildPhase section */

/* Begin PBXVariantGroup section */
		A8C2090A1A83924E0060DAE7 /* Main.storyboard */ = {
			isa = PBXVariantGroup;
			children = (
				A8C2090B1A83924E0060DAE7 /* Base */,
			);
			name = Main.storyboard;
			sourceTree = "<group>";
		};
		A8C2090F1A83924E0060DAE7 /* LaunchScreen.xib */ = {
			isa = PBXVariantGroup;
			children = (
				A8C209101A83924E0060DAE7 /* Base */,
			);
			name = LaunchScreen.xib;
			sourceTree = "<group>";
		};
/* End PBXVariantGroup section */

/* Begin XCBuildConfiguration section */
		A8C2091E1A83924E0060DAE7 /* Debug */ = {
			isa = XCBuildConfiguration;
			buildSettings = {
				ALWAYS_SEARCH_USER_PATHS = NO;
				CLANG_CXX_LANGUAGE_STANDARD = "gnu++0x";
				CLANG_CXX_LIBRARY = "libc++";
				CLANG_ENABLE_MODULES = YES;
				CLANG_ENABLE_OBJC_ARC = YES;
				CLANG_WARN_BOOL_CONVERSION = YES;
				CLANG_WARN_CONSTANT_CONVERSION = YES;
				CLANG_WARN_DIRECT_OBJC_ISA_USAGE = YES_ERROR;
				CLANG_WARN_EMPTY_BODY = YES;
				CLANG_WARN_ENUM_CONVERSION = YES;
				CLANG_WARN_INT_CONVERSION = YES;
				CLANG_WARN_OBJC_ROOT_CLASS = YES_ERROR;
				CLANG_WARN_UNREACHABLE_CODE = YES;
				CLANG_WARN__DUPLICATE_METHOD_MATCH = YES;
				"CODE_SIGN_IDENTITY[sdk=iphoneos*]" = "iPhone Developer";
				COPY_PHASE_STRIP = NO;
				ENABLE_STRICT_OBJC_MSGSEND = YES;
				GCC_C_LANGUAGE_STANDARD = gnu99;
				GCC_DYNAMIC_NO_PIC = NO;
				GCC_OPTIMIZATION_LEVEL = 0;
				GCC_PREPROCESSOR_DEFINITIONS = (
					"DEBUG=1",
					"$(inherited)",
				);
				GCC_SYMBOLS_PRIVATE_EXTERN = NO;
				GCC_WARN_64_TO_32_BIT_CONVERSION = YES;
				GCC_WARN_ABOUT_RETURN_TYPE = YES_ERROR;
				GCC_WARN_UNDECLARED_SELECTOR = YES;
				GCC_WARN_UNINITIALIZED_AUTOS = YES_AGGRESSIVE;
				GCC_WARN_UNUSED_FUNCTION = YES;
				GCC_WARN_UNUSED_VARIABLE = YES;
				IPHONEOS_DEPLOYMENT_TARGET = 7.0;
				MTL_ENABLE_DEBUG_INFO = YES;
				ONLY_ACTIVE_ARCH = YES;
				SDKROOT = iphoneos;
				TARGETED_DEVICE_FAMILY = "1,2";
			};
			name = Debug;
		};
		A8C2091F1A83924E0060DAE7 /* Release */ = {
			isa = XCBuildConfiguration;
			buildSettings = {
				ALWAYS_SEARCH_USER_PATHS = NO;
				CLANG_CXX_LANGUAGE_STANDARD = "gnu++0x";
				CLANG_CXX_LIBRARY = "libc++";
				CLANG_ENABLE_MODULES = YES;
				CLANG_ENABLE_OBJC_ARC = YES;
				CLANG_WARN_BOOL_CONVERSION = YES;
				CLANG_WARN_CONSTANT_CONVERSION = YES;
				CLANG_WARN_DIRECT_OBJC_ISA_USAGE = YES_ERROR;
				CLANG_WARN_EMPTY_BODY = YES;
				CLANG_WARN_ENUM_CONVERSION = YES;
				CLANG_WARN_INT_CONVERSION = YES;
				CLANG_WARN_OBJC_ROOT_CLASS = YES_ERROR;
				CLANG_WARN_UNREACHABLE_CODE = YES;
				CLANG_WARN__DUPLICATE_METHOD_MATCH = YES;
				"CODE_SIGN_IDENTITY[sdk=iphoneos*]" = "iPhone Developer";
				COPY_PHASE_STRIP = YES;
				ENABLE_NS_ASSERTIONS = NO;
				ENABLE_STRICT_OBJC_MSGSEND = YES;
				GCC_C_LANGUAGE_STANDARD = gnu99;
				GCC_WARN_64_TO_32_BIT_CONVERSION = YES;
				GCC_WARN_ABOUT_RETURN_TYPE = YES_ERROR;
				GCC_WARN_UNDECLARED_SELECTOR = YES;
				GCC_WARN_UNINITIALIZED_AUTOS = YES_AGGRESSIVE;
				GCC_WARN_UNUSED_FUNCTION = YES;
				GCC_WARN_UNUSED_VARIABLE = YES;
				IPHONEOS_DEPLOYMENT_TARGET = 7.0;
				MTL_ENABLE_DEBUG_INFO = NO;
				SDKROOT = iphoneos;
				TARGETED_DEVICE_FAMILY = "1,2";
				VALIDATE_PRODUCT = YES;
			};
			name = Release;
		};
		A8C209211A83924E0060DAE7 /* Debug */ = {
			isa = XCBuildConfiguration;
			buildSettings = {
				ASSETCATALOG_COMPILER_APPICON_NAME = AppIcon;
				ASSETCATALOG_COMPILER_LAUNCHIMAGE_NAME = LaunchImage;
				CODE_SIGN_IDENTITY = "iPhone Developer";
				"CODE_SIGN_IDENTITY[sdk=iphoneos*]" = "iPhone Developer";
				FRAMEWORK_SEARCH_PATHS = (
					"$(inherited)",
					"$(PROJECT_DIR)/BeeCloudDemo",
					"$(PROJECT_DIR)/Pods/BeeCloud_wxPay",
					"$(PROJECT_DIR)/Pods/BeeCloud_aliPay",
					"$(PROJECT_DIR)/Pods/BeeCloud",
					"$(PROJECT_DIR)/Pods/BeeCloud_UPay",
					"$(PROJECT_DIR)",
				);
				INFOPLIST_FILE = BeeCloudDemo/Info.plist;
				IPHONEOS_DEPLOYMENT_TARGET = 7.0;
				LD_RUNPATH_SEARCH_PATHS = "$(inherited) @executable_path/Frameworks";
				LIBRARY_SEARCH_PATHS = (
					"$(inherited)",
					"$(PROJECT_DIR)",
				);
				OTHER_LDFLAGS = "-ObjC";
				PRODUCT_NAME = "$(TARGET_NAME)";
				PROVISIONING_PROFILE = "";
			};
			name = Debug;
		};
		A8C209221A83924E0060DAE7 /* Release */ = {
			isa = XCBuildConfiguration;
			buildSettings = {
				ASSETCATALOG_COMPILER_APPICON_NAME = AppIcon;
				ASSETCATALOG_COMPILER_LAUNCHIMAGE_NAME = LaunchImage;
				CODE_SIGN_IDENTITY = "iPhone Developer";
				"CODE_SIGN_IDENTITY[sdk=iphoneos*]" = "iPhone Developer";
				FRAMEWORK_SEARCH_PATHS = (
					"$(inherited)",
					"$(PROJECT_DIR)/BeeCloudDemo",
					"$(PROJECT_DIR)/Pods/BeeCloud_wxPay",
					"$(PROJECT_DIR)/Pods/BeeCloud_aliPay",
					"$(PROJECT_DIR)/Pods/BeeCloud",
					"$(PROJECT_DIR)/Pods/BeeCloud_UPay",
					"$(PROJECT_DIR)",
				);
				INFOPLIST_FILE = BeeCloudDemo/Info.plist;
				IPHONEOS_DEPLOYMENT_TARGET = 7.0;
				LD_RUNPATH_SEARCH_PATHS = "$(inherited) @executable_path/Frameworks";
				LIBRARY_SEARCH_PATHS = (
					"$(inherited)",
					"$(PROJECT_DIR)",
				);
				OTHER_LDFLAGS = "-ObjC";
				PRODUCT_NAME = "$(TARGET_NAME)";
				PROVISIONING_PROFILE = "";
			};
			name = Release;
		};
/* End XCBuildConfiguration section */

/* Begin XCConfigurationList section */
		A8C208F81A83924E0060DAE7 /* Build configuration list for PBXProject "BeeCloudDemo" */ = {
			isa = XCConfigurationList;
			buildConfigurations = (
				A8C2091E1A83924E0060DAE7 /* Debug */,
				A8C2091F1A83924E0060DAE7 /* Release */,
			);
			defaultConfigurationIsVisible = 0;
			defaultConfigurationName = Release;
		};
		A8C209201A83924E0060DAE7 /* Build configuration list for PBXNativeTarget "BeeCloudDemo" */ = {
			isa = XCConfigurationList;
			buildConfigurations = (
				A8C209211A83924E0060DAE7 /* Debug */,
				A8C209221A83924E0060DAE7 /* Release */,
			);
			defaultConfigurationIsVisible = 0;
			defaultConfigurationName = Release;
		};
/* End XCConfigurationList section */
	};
	rootObject = A8C208F51A83924E0060DAE7 /* Project object */;
}
